
Microsoft Visual Studio Solution File, Format Version 12.00
# Visual Studio Version 17
VisualStudioVersion = 17.11.35219.272
MinimumVisualStudioVersion = 10.0.40219.1
Project("{FAE04EC0-301F-11D3-BF4B-00C04F79EFBC}") = "ConsoleApp1", "ConsoleApp1\ConsoleApp1.csproj", "{4539702D-F73C-457E-B344-742C4D54D413}"
EndProject
Global
	GlobalSection(SolutionConfigurationPlatforms) = preSolution
		Debug|Any CPU = Debug|Any CPU
		Release|Any CPU = Release|Any CPU
	EndGlobalSection
	GlobalSection(ProjectConfigurationPlatforms) = postSolution
		{4539702D-F73C-457E-B344-742C4D54D413}.Debug|Any CPU.ActiveCfg = Debug|Any CPU
		{4539702D-F73C-457E-B344-742C4D54D413}.Debug|Any CPU.Build.0 = Debug|Any CPU
		{4539702D-F73C-457E-B344-742C4D54D413}.Release|Any CPU.ActiveCfg = Release|Any CPU
		{4539702D-F73C-457E-B344-742C4D54D413}.Release|Any CPU.Build.0 = Release|Any CPU
	EndGlobalSection
	GlobalSection(SolutionProperties) = preSolution
		HideSolutionNode = FALSE
	EndGlobalSection
	GlobalSection(ExtensibilityGlobals) = postSolution
		SolutionGuid = {C48F5EEC-E025-40CE-84CB-6522AC8559FD}
	EndGlobalSection
EndGlobal
